// !$*UTF8*$!
{
	archiveVersion = 1;
	classes = {
	};
	objectVersion = 56;
	objects = {

/* Begin PBXBuildFile section */
		6DA67CA22D0656DD006CB1B2 /* JournalViewController.swift in Sources */ = {isa = PBXBuildFile; fileRef = 6DA67CA12D0656DD006CB1B2 /* JournalViewController.swift */; };
		6DA67CA42D065F2A006CB1B2 /* EntryJournalViewController.swift in Sources */ = {isa = PBXBuildFile; fileRef = 6DA67CA32D065F2A006CB1B2 /* EntryJournalViewController.swift */; };
		6DA67CA62D065F4B006CB1B2 /* JournaltaskViewController.swift in Sources */ = {isa = PBXBuildFile; fileRef = 6DA67CA52D065F4B006CB1B2 /* JournaltaskViewController.swift */; };
		710ED0B02CF44B5B001A62C1 /* AppDelegate.swift in Sources */ = {isa = PBXBuildFile; fileRef = 710ED0AF2CF44B5B001A62C1 /* AppDelegate.swift */; };
		710ED0B22CF44B5B001A62C1 /* SceneDelegate.swift in Sources */ = {isa = PBXBuildFile; fileRef = 710ED0B12CF44B5B001A62C1 /* SceneDelegate.swift */; };
		710ED0B42CF44B5B001A62C1 /* ViewController.swift in Sources */ = {isa = PBXBuildFile; fileRef = 710ED0B32CF44B5B001A62C1 /* ViewController.swift */; };
		710ED0B72CF44B5B001A62C1 /* Base in Resources */ = {isa = PBXBuildFile; fileRef = 710ED0B62CF44B5B001A62C1 /* Base */; };
		710ED0B92CF44B5D001A62C1 /* Assets.xcassets in Resources */ = {isa = PBXBuildFile; fileRef = 710ED0B82CF44B5D001A62C1 /* Assets.xcassets */; };
		710ED0BC2CF44B5D001A62C1 /* Base in Resources */ = {isa = PBXBuildFile; fileRef = 710ED0BB2CF44B5D001A62C1 /* Base */; };
		710ED0C72CF44B5D001A62C1 /* Tuffy_ReminderTests.swift in Sources */ = {isa = PBXBuildFile; fileRef = 710ED0C62CF44B5D001A62C1 /* Tuffy_ReminderTests.swift */; };
		710ED0D12CF44B5D001A62C1 /* Tuffy_ReminderUITests.swift in Sources */ = {isa = PBXBuildFile; fileRef = 710ED0D02CF44B5D001A62C1 /* Tuffy_ReminderUITests.swift */; };
		710ED0D32CF44B5D001A62C1 /* Tuffy_ReminderUITestsLaunchTests.swift in Sources */ = {isa = PBXBuildFile; fileRef = 710ED0D22CF44B5D001A62C1 /* Tuffy_ReminderUITestsLaunchTests.swift */; };
		71A2B2BF2D0430AF005CB912 /* EntryViewController.swift in Sources */ = {isa = PBXBuildFile; fileRef = 71A2B2BE2D0430AF005CB912 /* EntryViewController.swift */; };
		71A2B2C12D04DF04005CB912 /* TaskViewController.swift in Sources */ = {isa = PBXBuildFile; fileRef = 71A2B2C02D04DF04005CB912 /* TaskViewController.swift */; };
/* End PBXBuildFile section */

/* Begin PBXContainerItemProxy section */
		710ED0C32CF44B5D001A62C1 /* PBXContainerItemProxy */ = {
			isa = PBXContainerItemProxy;
			containerPortal = 710ED0A42CF44B5B001A62C1 /* Project object */;
			proxyType = 1;
			remoteGlobalIDString = 710ED0AB2CF44B5B001A62C1;
			remoteInfo = "Tuffy-Reminder";
		};
		710ED0CD2CF44B5D001A62C1 /* PBXContainerItemProxy */ = {
			isa = PBXContainerItemProxy;
			containerPortal = 710ED0A42CF44B5B001A62C1 /* Project object */;
			proxyType = 1;
			remoteGlobalIDString = 710ED0AB2CF44B5B001A62C1;
			remoteInfo = "Tuffy-Reminder";
		};
/* End PBXContainerItemProxy section */

/* Begin PBXFileReference section */
		6DA67CA12D0656DD006CB1B2 /* JournalViewController.swift */ = {isa = PBXFileReference; lastKnownFileType = sourcecode.swift; path = JournalViewController.swift; sourceTree = "<group>"; };
		6DA67CA32D065F2A006CB1B2 /* EntryJournalViewController.swift */ = {isa = PBXFileReference; lastKnownFileType = sourcecode.swift; path = EntryJournalViewController.swift; sourceTree = "<group>"; };
		6DA67CA52D065F4B006CB1B2 /* JournaltaskViewController.swift */ = {isa = PBXFileReference; lastKnownFileType = sourcecode.swift; path = JournaltaskViewController.swift; sourceTree = "<group>"; };
		710ED0AC2CF44B5B001A62C1 /* Tuffy-Reminder.app */ = {isa = PBXFileReference; explicitFileType = wrapper.application; includeInIndex = 0; path = "Tuffy-Reminder.app"; sourceTree = BUILT_PRODUCTS_DIR; };
		710ED0AF2CF44B5B001A62C1 /* AppDelegate.swift */ = {isa = PBXFileReference; lastKnownFileType = sourcecode.swift; path = AppDelegate.swift; sourceTree = "<group>"; };
		710ED0B12CF44B5B001A62C1 /* SceneDelegate.swift */ = {isa = PBXFileReference; lastKnownFileType = sourcecode.swift; path = SceneDelegate.swift; sourceTree = "<group>"; };
		710ED0B32CF44B5B001A62C1 /* ViewController.swift */ = {isa = PBXFileReference; lastKnownFileType = sourcecode.swift; path = ViewController.swift; sourceTree = "<group>"; };
		710ED0B62CF44B5B001A62C1 /* Base */ = {isa = PBXFileReference; lastKnownFileType = file.storyboard; name = Base; path = Base.lproj/Main.storyboard; sourceTree = "<group>"; };
		710ED0B82CF44B5D001A62C1 /* Assets.xcassets */ = {isa = PBXFileReference; lastKnownFileType = folder.assetcatalog; path = Assets.xcassets; sourceTree = "<group>"; };
		710ED0BB2CF44B5D001A62C1 /* Base */ = {isa = PBXFileReference; lastKnownFileType = file.storyboard; name = Base; path = Base.lproj/LaunchScreen.storyboard; sourceTree = "<group>"; };
		710ED0BD2CF44B5D001A62C1 /* Info.plist */ = {isa = PBXFileReference; lastKnownFileType = text.plist.xml; path = Info.plist; sourceTree = "<group>"; };
		710ED0C22CF44B5D001A62C1 /* Tuffy-ReminderTests.xctest */ = {isa = PBXFileReference; explicitFileType = wrapper.cfbundle; includeInIndex = 0; path = "Tuffy-ReminderTests.xctest"; sourceTree = BUILT_PRODUCTS_DIR; };
		710ED0C62CF44B5D001A62C1 /* Tuffy_ReminderTests.swift */ = {isa = PBXFileReference; lastKnownFileType = sourcecode.swift; path = Tuffy_ReminderTests.swift; sourceTree = "<group>"; };
		710ED0CC2CF44B5D001A62C1 /* Tuffy-ReminderUITests.xctest */ = {isa = PBXFileReference; explicitFileType = wrapper.cfbundle; includeInIndex = 0; path = "Tuffy-ReminderUITests.xctest"; sourceTree = BUILT_PRODUCTS_DIR; };
		710ED0D02CF44B5D001A62C1 /* Tuffy_ReminderUITests.swift */ = {isa = PBXFileReference; lastKnownFileType = sourcecode.swift; path = Tuffy_ReminderUITests.swift; sourceTree = "<group>"; };
		710ED0D22CF44B5D001A62C1 /* Tuffy_ReminderUITestsLaunchTests.swift */ = {isa = PBXFileReference; lastKnownFileType = sourcecode.swift; path = Tuffy_ReminderUITestsLaunchTests.swift; sourceTree = "<group>"; };
		71A2B2BE2D0430AF005CB912 /* EntryViewController.swift */ = {isa = PBXFileReference; lastKnownFileType = sourcecode.swift; path = EntryViewController.swift; sourceTree = "<group>"; };
		71A2B2C02D04DF04005CB912 /* TaskViewController.swift */ = {isa = PBXFileReference; lastKnownFileType = sourcecode.swift; path = TaskViewController.swift; sourceTree = "<group>"; };
/* End PBXFileReference section */

/* Begin PBXFrameworksBuildPhase section */
		710ED0A92CF44B5B001A62C1 /* Frameworks */ = {
			isa = PBXFrameworksBuildPhase;
			buildActionMask = 2147483647;
			files = (
			);
			runOnlyForDeploymentPostprocessing = 0;
		};
		710ED0BF2CF44B5D001A62C1 /* Frameworks */ = {
			isa = PBXFrameworksBuildPhase;
			buildActionMask = 2147483647;
			files = (
			);
			runOnlyForDeploymentPostprocessing = 0;
		};
		710ED0C92CF44B5D001A62C1 /* Frameworks */ = {
			isa = PBXFrameworksBuildPhase;
			buildActionMask = 2147483647;
			files = (
			);
			runOnlyForDeploymentPostprocessing = 0;
		};
/* End PBXFrameworksBuildPhase section */

/* Begin PBXGroup section */
		710ED0A32CF44B5B001A62C1 = {
			isa = PBXGroup;
			children = (
				710ED0AE2CF44B5B001A62C1 /* Tuffy-Reminder */,
				710ED0C52CF44B5D001A62C1 /* Tuffy-ReminderTests */,
				710ED0CF2CF44B5D001A62C1 /* Tuffy-ReminderUITests */,
				710ED0AD2CF44B5B001A62C1 /* Products */,
			);
			sourceTree = "<group>";
		};
		710ED0AD2CF44B5B001A62C1 /* Products */ = {
			isa = PBXGroup;
			children = (
				710ED0AC2CF44B5B001A62C1 /* Tuffy-Reminder.app */,
				710ED0C22CF44B5D001A62C1 /* Tuffy-ReminderTests.xctest */,
				710ED0CC2CF44B5D001A62C1 /* Tuffy-ReminderUITests.xctest */,
			);
			name = Products;
			sourceTree = "<group>";
		};
		710ED0AE2CF44B5B001A62C1 /* Tuffy-Reminder */ = {
			isa = PBXGroup;
			children = (
				710ED0AF2CF44B5B001A62C1 /* AppDelegate.swift */,
				710ED0B12CF44B5B001A62C1 /* SceneDelegate.swift */,
				710ED0B32CF44B5B001A62C1 /* ViewController.swift */,
				710ED0B52CF44B5B001A62C1 /* Main.storyboard */,
				710ED0B82CF44B5D001A62C1 /* Assets.xcassets */,
				710ED0BA2CF44B5D001A62C1 /* LaunchScreen.storyboard */,
				710ED0BD2CF44B5D001A62C1 /* Info.plist */,
				71A2B2BE2D0430AF005CB912 /* EntryViewController.swift */,
				71A2B2C02D04DF04005CB912 /* TaskViewController.swift */,
				6DA67CA12D0656DD006CB1B2 /* JournalViewController.swift */,
				6DA67CA32D065F2A006CB1B2 /* EntryJournalViewController.swift */,
				6DA67CA52D065F4B006CB1B2 /* JournaltaskViewController.swift */,
			);
			path = "Tuffy-Reminder";
			sourceTree = "<group>";
		};
		710ED0C52CF44B5D001A62C1 /* Tuffy-ReminderTests */ = {
			isa = PBXGroup;
			children = (
				710ED0C62CF44B5D001A62C1 /* Tuffy_ReminderTests.swift */,
			);
			path = "Tuffy-ReminderTests";
			sourceTree = "<group>";
		};
		710ED0CF2CF44B5D001A62C1 /* Tuffy-ReminderUITests */ = {
			isa = PBXGroup;
			children = (
				710ED0D02CF44B5D001A62C1 /* Tuffy_ReminderUITests.swift */,
				710ED0D22CF44B5D001A62C1 /* Tuffy_ReminderUITestsLaunchTests.swift */,
			);
			path = "Tuffy-ReminderUITests";
			sourceTree = "<group>";
		};
/* End PBXGroup section */

/* Begin PBXNativeTarget section */
		710ED0AB2CF44B5B001A62C1 /* Tuffy-Reminder */ = {
			isa = PBXNativeTarget;
			buildConfigurationList = 710ED0D62CF44B5D001A62C1 /* Build configuration list for PBXNativeTarget "Tuffy-Reminder" */;
			buildPhases = (
				710ED0A82CF44B5B001A62C1 /* Sources */,
				710ED0A92CF44B5B001A62C1 /* Frameworks */,
				710ED0AA2CF44B5B001A62C1 /* Resources */,
			);
			buildRules = (
			);
			dependencies = (
			);
			name = "Tuffy-Reminder";
			productName = "Tuffy-Reminder";
			productReference = 710ED0AC2CF44B5B001A62C1 /* Tuffy-Reminder.app */;
			productType = "com.apple.product-type.application";
		};
		710ED0C12CF44B5D001A62C1 /* Tuffy-ReminderTests */ = {
			isa = PBXNativeTarget;
			buildConfigurationList = 710ED0D92CF44B5D001A62C1 /* Build configuration list for PBXNativeTarget "Tuffy-ReminderTests" */;
			buildPhases = (
				710ED0BE2CF44B5D001A62C1 /* Sources */,
				710ED0BF2CF44B5D001A62C1 /* Frameworks */,
				710ED0C02CF44B5D001A62C1 /* Resources */,
			);
			buildRules = (
			);
			dependencies = (
				710ED0C42CF44B5D001A62C1 /* PBXTargetDependency */,
			);
			name = "Tuffy-ReminderTests";
			productName = "Tuffy-ReminderTests";
			productReference = 710ED0C22CF44B5D001A62C1 /* Tuffy-ReminderTests.xctest */;
			productType = "com.apple.product-type.bundle.unit-test";
		};
		710ED0CB2CF44B5D001A62C1 /* Tuffy-ReminderUITests */ = {
			isa = PBXNativeTarget;
			buildConfigurationList = 710ED0DC2CF44B5D001A62C1 /* Build configuration list for PBXNativeTarget "Tuffy-ReminderUITests" */;
			buildPhases = (
				710ED0C82CF44B5D001A62C1 /* Sources */,
				710ED0C92CF44B5D001A62C1 /* Frameworks */,
				710ED0CA2CF44B5D001A62C1 /* Resources */,
			);
			buildRules = (
			);
			dependencies = (
				710ED0CE2CF44B5D001A62C1 /* PBXTargetDependency */,
			);
			name = "Tuffy-ReminderUITests";
			productName = "Tuffy-ReminderUITests";
			productReference = 710ED0CC2CF44B5D001A62C1 /* Tuffy-ReminderUITests.xctest */;
			productType = "com.apple.product-type.bundle.ui-testing";
		};
/* End PBXNativeTarget section */

/* Begin PBXProject section */
		710ED0A42CF44B5B001A62C1 /* Project object */ = {
			isa = PBXProject;
			attributes = {
				BuildIndependentTargetsInParallel = 1;
				LastSwiftUpdateCheck = 1540;
				LastUpgradeCheck = 1540;
				TargetAttributes = {
					710ED0AB2CF44B5B001A62C1 = {
						CreatedOnToolsVersion = 15.4;
					};
					710ED0C12CF44B5D001A62C1 = {
						CreatedOnToolsVersion = 15.4;
						TestTargetID = 710ED0AB2CF44B5B001A62C1;
					};
					710ED0CB2CF44B5D001A62C1 = {
						CreatedOnToolsVersion = 15.4;
						TestTargetID = 710ED0AB2CF44B5B001A62C1;
					};
				};
			};
			buildConfigurationList = 710ED0A72CF44B5B001A62C1 /* Build configuration list for PBXProject "Tuffy-Reminder" */;
			compatibilityVersion = "Xcode 14.0";
			developmentRegion = en;
			hasScannedForEncodings = 0;
			knownRegions = (
				en,
				Base,
			);
			mainGroup = 710ED0A32CF44B5B001A62C1;
			productRefGroup = 710ED0AD2CF44B5B001A62C1 /* Products */;
			projectDirPath = "";
			projectRoot = "";
			targets = (
				710ED0AB2CF44B5B001A62C1 /* Tuffy-Reminder */,
				710ED0C12CF44B5D001A62C1 /* Tuffy-ReminderTests */,
				710ED0CB2CF44B5D001A62C1 /* Tuffy-ReminderUITests */,
			);
		};
/* End PBXProject section */

/* Begin PBXResourcesBuildPhase section */
		710ED0AA2CF44B5B001A62C1 /* Resources */ = {
			isa = PBXResourcesBuildPhase;
			buildActionMask = 2147483647;
			files = (
				710ED0B92CF44B5D001A62C1 /* Assets.xcassets in Resources */,
				710ED0BC2CF44B5D001A62C1 /* Base in Resources */,
				710ED0B72CF44B5B001A62C1 /* Base in Resources */,
			);
			runOnlyForDeploymentPostprocessing = 0;
		};
		710ED0C02CF44B5D001A62C1 /* Resources */ = {
			isa = PBXResourcesBuildPhase;
			buildActionMask = 2147483647;
			files = (
			);
			runOnlyForDeploymentPostprocessing = 0;
		};
		710ED0CA2CF44B5D001A62C1 /* Resources */ = {
			isa = PBXResourcesBuildPhase;
			buildActionMask = 2147483647;
			files = (
			);
			runOnlyForDeploymentPostprocessing = 0;
		};
/* End PBXResourcesBuildPhase section */

/* Begin PBXSourcesBuildPhase section */
		710ED0A82CF44B5B001A62C1 /* Sources */ = {
			isa = PBXSourcesBuildPhase;
			buildActionMask = 2147483647;
			files = (
				710ED0B42CF44B5B001A62C1 /* ViewController.swift in Sources */,
				71A2B2BF2D0430AF005CB912 /* EntryViewController.swift in Sources */,
				71A2B2C12D04DF04005CB912 /* TaskViewController.swift in Sources */,
				710ED0B02CF44B5B001A62C1 /* AppDelegate.swift in Sources */,
				6DA67CA22D0656DD006CB1B2 /* JournalViewController.swift in Sources */,
				710ED0B22CF44B5B001A62C1 /* SceneDelegate.swift in Sources */,
				6DA67CA42D065F2A006CB1B2 /* EntryJournalViewController.swift in Sources */,
				6DA67CA62D065F4B006CB1B2 /* JournaltaskViewController.swift in Sources */,
			);
			runOnlyForDeploymentPostprocessing = 0;
		};
		710ED0BE2CF44B5D001A62C1 /* Sources */ = {
			isa = PBXSourcesBuildPhase;
			buildActionMask = 2147483647;
			files = (
				710ED0C72CF44B5D001A62C1 /* Tuffy_ReminderTests.swift in Sources */,
			);
			runOnlyForDeploymentPostprocessing = 0;
		};
		710ED0C82CF44B5D001A62C1 /* Sources */ = {
			isa = PBXSourcesBuildPhase;
			buildActionMask = 2147483647;
			files = (
				710ED0D12CF44B5D001A62C1 /* Tuffy_ReminderUITests.swift in Sources */,
				710ED0D32CF44B5D001A62C1 /* Tuffy_ReminderUITestsLaunchTests.swift in Sources */,
			);
			runOnlyForDeploymentPostprocessing = 0;
		};
/* End PBXSourcesBuildPhase section */

/* Begin PBXTargetDependency section */
		710ED0C42CF44B5D001A62C1 /* PBXTargetDependency */ = {
			isa = PBXTargetDependency;
			target = 710ED0AB2CF44B5B001A62C1 /* Tuffy-Reminder */;
			targetProxy = 710ED0C32CF44B5D001A62C1 /* PBXContainerItemProxy */;
		};
		710ED0CE2CF44B5D001A62C1 /* PBXTargetDependency */ = {
			isa = PBXTargetDependency;
			target = 710ED0AB2CF44B5B001A62C1 /* Tuffy-Reminder */;
			targetProxy = 710ED0CD2CF44B5D001A62C1 /* PBXContainerItemProxy */;
		};
/* End PBXTargetDependency section */

/* Begin PBXVariantGroup section */
		710ED0B52CF44B5B001A62C1 /* Main.storyboard */ = {
			isa = PBXVariantGroup;
			children = (
				710ED0B62CF44B5B001A62C1 /* Base */,
			);
			name = Main.storyboard;
			sourceTree = "<group>";
		};
		710ED0BA2CF44B5D001A62C1 /* LaunchScreen.storyboard */ = {
			isa = PBXVariantGroup;
			children = (
				710ED0BB2CF44B5D001A62C1 /* Base */,
			);
			name = LaunchScreen.storyboard;
			sourceTree = "<group>";
		};
/* End PBXVariantGroup section */

/* Begin XCBuildConfiguration section */
		710ED0D42CF44B5D001A62C1 /* Debug */ = {
			isa = XCBuildConfiguration;
			buildSettings = {
				ALWAYS_SEARCH_USER_PATHS = NO;
				ASSETCATALOG_COMPILER_GENERATE_SWIFT_ASSET_SYMBOL_EXTENSIONS = YES;
				CLANG_ANALYZER_NONNULL = YES;
				CLANG_ANALYZER_NUMBER_OBJECT_CONVERSION = YES_AGGRESSIVE;
				CLANG_CXX_LANGUAGE_STANDARD = "gnu++20";
				CLANG_ENABLE_MODULES = YES;
				CLANG_ENABLE_OBJC_ARC = YES;
				CLANG_ENABLE_OBJC_WEAK = YES;
				CLANG_WARN_BLOCK_CAPTURE_AUTORELEASING = YES;
				CLANG_WARN_BOOL_CONVERSION = YES;
				CLANG_WARN_COMMA = YES;
				CLANG_WARN_CONSTANT_CONVERSION = YES;
				CLANG_WARN_DEPRECATED_OBJC_IMPLEMENTATIONS = YES;
				CLANG_WARN_DIRECT_OBJC_ISA_USAGE = YES_ERROR;
				CLANG_WARN_DOCUMENTATION_COMMENTS = YES;
				CLANG_WARN_EMPTY_BODY = YES;
				CLANG_WARN_ENUM_CONVERSION = YES;
				CLANG_WARN_INFINITE_RECURSION = YES;
				CLANG_WARN_INT_CONVERSION = YES;
				CLANG_WARN_NON_LITERAL_NULL_CONVERSION = YES;
				CLANG_WARN_OBJC_IMPLICIT_RETAIN_SELF = YES;
				CLANG_WARN_OBJC_LITERAL_CONVERSION = YES;
				CLANG_WARN_OBJC_ROOT_CLASS = YES_ERROR;
				CLANG_WARN_QUOTED_INCLUDE_IN_FRAMEWORK_HEADER = YES;
				CLANG_WARN_RANGE_LOOP_ANALYSIS = YES;
				CLANG_WARN_STRICT_PROTOTYPES = YES;
				CLANG_WARN_SUSPICIOUS_MOVE = YES;
				CLANG_WARN_UNGUARDED_AVAILABILITY = YES_AGGRESSIVE;
				CLANG_WARN_UNREACHABLE_CODE = YES;
				CLANG_WARN__DUPLICATE_METHOD_MATCH = YES;
				COPY_PHASE_STRIP = NO;
				DEBUG_INFORMATION_FORMAT = dwarf;
				ENABLE_STRICT_OBJC_MSGSEND = YES;
				ENABLE_TESTABILITY = YES;
				ENABLE_USER_SCRIPT_SANDBOXING = YES;
				GCC_C_LANGUAGE_STANDARD = gnu17;
				GCC_DYNAMIC_NO_PIC = NO;
				GCC_NO_COMMON_BLOCKS = YES;
				GCC_OPTIMIZATION_LEVEL = 0;
				GCC_PREPROCESSOR_DEFINITIONS = (
					"DEBUG=1",
					"$(inherited)",
				);
				GCC_WARN_64_TO_32_BIT_CONVERSION = YES;
				GCC_WARN_ABOUT_RETURN_TYPE = YES_ERROR;
				GCC_WARN_UNDECLARED_SELECTOR = YES;
				GCC_WARN_UNINITIALIZED_AUTOS = YES_AGGRESSIVE;
				GCC_WARN_UNUSED_FUNCTION = YES;
				GCC_WARN_UNUSED_VARIABLE = YES;
				IPHONEOS_DEPLOYMENT_TARGET = 17.5;
				LOCALIZATION_PREFERS_STRING_CATALOGS = YES;
				MTL_ENABLE_DEBUG_INFO = INCLUDE_SOURCE;
				MTL_FAST_MATH = YES;
				ONLY_ACTIVE_ARCH = YES;
				SDKROOT = iphoneos;
				SWIFT_ACTIVE_COMPILATION_CONDITIONS = "DEBUG $(inherited)";
				SWIFT_OPTIMIZATION_LEVEL = "-Onone";
			};
			name = Debug;
		};
		710ED0D52CF44B5D001A62C1 /* Release */ = {
			isa = XCBuildConfiguration;
			buildSettings = {
				ALWAYS_SEARCH_USER_PATHS = NO;
				ASSETCATALOG_COMPILER_GENERATE_SWIFT_ASSET_SYMBOL_EXTENSIONS = YES;
				CLANG_ANALYZER_NONNULL = YES;
				CLANG_ANALYZER_NUMBER_OBJECT_CONVERSION = YES_AGGRESSIVE;
				CLANG_CXX_LANGUAGE_STANDARD = "gnu++20";
				CLANG_ENABLE_MODULES = YES;
				CLANG_ENABLE_OBJC_ARC = YES;
				CLANG_ENABLE_OBJC_WEAK = YES;
				CLANG_WARN_BLOCK_CAPTURE_AUTORELEASING = YES;
				CLANG_WARN_BOOL_CONVERSION = YES;
				CLANG_WARN_COMMA = YES;
				CLANG_WARN_CONSTANT_CONVERSION = YES;
				CLANG_WARN_DEPRECATED_OBJC_IMPLEMENTATIONS = YES;
				CLANG_WARN_DIRECT_OBJC_ISA_USAGE = YES_ERROR;
				CLANG_WARN_DOCUMENTATION_COMMENTS = YES;
				CLANG_WARN_EMPTY_BODY = YES;
				CLANG_WARN_ENUM_CONVERSION = YES;
				CLANG_WARN_INFINITE_RECURSION = YES;
				CLANG_WARN_INT_CONVERSION = YES;
				CLANG_WARN_NON_LITERAL_NULL_CONVERSION = YES;
				CLANG_WARN_OBJC_IMPLICIT_RETAIN_SELF = YES;
				CLANG_WARN_OBJC_LITERAL_CONVERSION = YES;
				CLANG_WARN_OBJC_ROOT_CLASS = YES_ERROR;
				CLANG_WARN_QUOTED_INCLUDE_IN_FRAMEWORK_HEADER = YES;
				CLANG_WARN_RANGE_LOOP_ANALYSIS = YES;
				CLANG_WARN_STRICT_PROTOTYPES = YES;
				CLANG_WARN_SUSPICIOUS_MOVE = YES;
				CLANG_WARN_UNGUARDED_AVAILABILITY = YES_AGGRESSIVE;
				CLANG_WARN_UNREACHABLE_CODE = YES;
				CLANG_WARN__DUPLICATE_METHOD_MATCH = YES;
				COPY_PHASE_STRIP = NO;
				DEBUG_INFORMATION_FORMAT = "dwarf-with-dsym";
				ENABLE_NS_ASSERTIONS = NO;
				ENABLE_STRICT_OBJC_MSGSEND = YES;
				ENABLE_USER_SCRIPT_SANDBOXING = YES;
				GCC_C_LANGUAGE_STANDARD = gnu17;
				GCC_NO_COMMON_BLOCKS = YES;
				GCC_WARN_64_TO_32_BIT_CONVERSION = YES;
				GCC_WARN_ABOUT_RETURN_TYPE = YES_ERROR;
				GCC_WARN_UNDECLARED_SELECTOR = YES;
				GCC_WARN_UNINITIALIZED_AUTOS = YES_AGGRESSIVE;
				GCC_WARN_UNUSED_FUNCTION = YES;
				GCC_WARN_UNUSED_VARIABLE = YES;
				IPHONEOS_DEPLOYMENT_TARGET = 17.5;
				LOCALIZATION_PREFERS_STRING_CATALOGS = YES;
				MTL_ENABLE_DEBUG_INFO = NO;
				MTL_FAST_MATH = YES;
				SDKROOT = iphoneos;
				SWIFT_COMPILATION_MODE = wholemodule;
				VALIDATE_PRODUCT = YES;
			};
			name = Release;
		};
		710ED0D72CF44B5D001A62C1 /* Debug */ = {
			isa = XCBuildConfiguration;
			buildSettings = {
				ASSETCATALOG_COMPILER_APPICON_NAME = AppIcon;
				ASSETCATALOG_COMPILER_GLOBAL_ACCENT_COLOR_NAME = AccentColor;
				CODE_SIGN_STYLE = Automatic;
				CURRENT_PROJECT_VERSION = 1;
				GENERATE_INFOPLIST_FILE = YES;
				INFOPLIST_FILE = "Tuffy-Reminder/Info.plist";
				INFOPLIST_KEY_UIApplicationSupportsIndirectInputEvents = YES;
				INFOPLIST_KEY_UILaunchStoryboardName = LaunchScreen;
				INFOPLIST_KEY_UIMainStoryboardFile = Main;
				INFOPLIST_KEY_UISupportedInterfaceOrientations_iPad = "UIInterfaceOrientationPortrait UIInterfaceOrientationPortraitUpsideDown UIInterfaceOrientationLandscapeLeft UIInterfaceOrientationLandscapeRight";
				INFOPLIST_KEY_UISupportedInterfaceOrientations_iPhone = "UIInterfaceOrientationPortrait UIInterfaceOrientationLandscapeLeft UIInterfaceOrientationLandscapeRight";
				LD_RUNPATH_SEARCH_PATHS = (
					"$(inherited)",
					"@executable_path/Frameworks",
				);
				MARKETING_VERSION = 1.0;
				PRODUCT_BUNDLE_IDENTIFIER = "swiftproject.Tuffy-Reminder";
				PRODUCT_NAME = "$(TARGET_NAME)";
				SWIFT_EMIT_LOC_STRINGS = YES;
				SWIFT_VERSION = 5.0;
				TARGETED_DEVICE_FAMILY = "1,2";
			};
			name = Debug;
		};
		710ED0D82CF44B5D001A62C1 /* Release */ = {
			isa = XCBuildConfiguration;
			buildSettings = {
				ASSETCATALOG_COMPILER_APPICON_NAME = AppIcon;
				ASSETCATALOG_COMPILER_GLOBAL_ACCENT_COLOR_NAME = AccentColor;
				CODE_SIGN_STYLE = Automatic;
				CURRENT_PROJECT_VERSION = 1;
				GENERATE_INFOPLIST_FILE = YES;
				INFOPLIST_FILE = "Tuffy-Reminder/Info.plist";
				INFOPLIST_KEY_UIApplicationSupportsIndirectInputEvents = YES;
				INFOPLIST_KEY_UILaunchStoryboardName = LaunchScreen;
				INFOPLIST_KEY_UIMainStoryboardFile = Main;
				INFOPLIST_KEY_UISupportedInterfaceOrientations_iPad = "UIInterfaceOrientationPortrait UIInterfaceOrientationPortraitUpsideDown UIInterfaceOrientationLandscapeLeft UIInterfaceOrientationLandscapeRight";
				INFOPLIST_KEY_UISupportedInterfaceOrientations_iPhone = "UIInterfaceOrientationPortrait UIInterfaceOrientationLandscapeLeft UIInterfaceOrientationLandscapeRight";
				LD_RUNPATH_SEARCH_PATHS = (
					"$(inherited)",
					"@executable_path/Frameworks",
				);
				MARKETING_VERSION = 1.0;
				PRODUCT_BUNDLE_IDENTIFIER = "swiftproject.Tuffy-Reminder";
				PRODUCT_NAME = "$(TARGET_NAME)";
				SWIFT_EMIT_LOC_STRINGS = YES;
				SWIFT_VERSION = 5.0;
				TARGETED_DEVICE_FAMILY = "1,2";
			};
			name = Release;
		};
		710ED0DA2CF44B5D001A62C1 /* Debug */ = {
			isa = XCBuildConfiguration;
			buildSettings = {
				ALWAYS_EMBED_SWIFT_STANDARD_LIBRARIES = YES;
				BUNDLE_LOADER = "$(TEST_HOST)";
				CODE_SIGN_STYLE = Automatic;
				CURRENT_PROJECT_VERSION = 1;
				GENERATE_INFOPLIST_FILE = YES;
				IPHONEOS_DEPLOYMENT_TARGET = 17.5;
				MARKETING_VERSION = 1.0;
				PRODUCT_BUNDLE_IDENTIFIER = "swiftproject.Tuffy-ReminderTests";
				PRODUCT_NAME = "$(TARGET_NAME)";
				SWIFT_EMIT_LOC_STRINGS = NO;
				SWIFT_VERSION = 5.0;
				TARGETED_DEVICE_FAMILY = "1,2";
				TEST_HOST = "$(BUILT_PRODUCTS_DIR)/Tuffy-Reminder.app/$(BUNDLE_EXECUTABLE_FOLDER_PATH)/Tuffy-Reminder";
			};
			name = Debug;
		};
		710ED0DB2CF44B5D001A62C1 /* Release */ = {
			isa = XCBuildConfiguration;
			buildSettings = {
				ALWAYS_EMBED_SWIFT_STANDARD_LIBRARIES = YES;
				BUNDLE_LOADER = "$(TEST_HOST)";
				CODE_SIGN_STYLE = Automatic;
				CURRENT_PROJECT_VERSION = 1;
				GENERATE_INFOPLIST_FILE = YES;
				IPHONEOS_DEPLOYMENT_TARGET = 17.5;
				MARKETING_VERSION = 1.0;
				PRODUCT_BUNDLE_IDENTIFIER = "swiftproject.Tuffy-ReminderTests";
				PRODUCT_NAME = "$(TARGET_NAME)";
				SWIFT_EMIT_LOC_STRINGS = NO;
				SWIFT_VERSION = 5.0;
				TARGETED_DEVICE_FAMILY = "1,2";
				TEST_HOST = "$(BUILT_PRODUCTS_DIR)/Tuffy-Reminder.app/$(BUNDLE_EXECUTABLE_FOLDER_PATH)/Tuffy-Reminder";
			};
			name = Release;
		};
		710ED0DD2CF44B5D001A62C1 /* Debug */ = {
			isa = XCBuildConfiguration;
			buildSettings = {
				ALWAYS_EMBED_SWIFT_STANDARD_LIBRARIES = YES;
				CODE_SIGN_STYLE = Automatic;
				CURRENT_PROJECT_VERSION = 1;
				GENERATE_INFOPLIST_FILE = YES;
				MARKETING_VERSION = 1.0;
				PRODUCT_BUNDLE_IDENTIFIER = "swiftproject.Tuffy-ReminderUITests";
				PRODUCT_NAME = "$(TARGET_NAME)";
				SWIFT_EMIT_LOC_STRINGS = NO;
				SWIFT_VERSION = 5.0;
				TARGETED_DEVICE_FAMILY = "1,2";
				TEST_TARGET_NAME = "Tuffy-Reminder";
			};
			name = Debug;
		};
		710ED0DE2CF44B5D001A62C1 /* Release */ = {
			isa = XCBuildConfiguration;
			buildSettings = {
				ALWAYS_EMBED_SWIFT_STANDARD_LIBRARIES = YES;
				CODE_SIGN_STYLE = Automatic;
				CURRENT_PROJECT_VERSION = 1;
				GENERATE_INFOPLIST_FILE = YES;
				MARKETING_VERSION = 1.0;
				PRODUCT_BUNDLE_IDENTIFIER = "swiftproject.Tuffy-ReminderUITests";
				PRODUCT_NAME = "$(TARGET_NAME)";
				SWIFT_EMIT_LOC_STRINGS = NO;
				SWIFT_VERSION = 5.0;
				TARGETED_DEVICE_FAMILY = "1,2";
				TEST_TARGET_NAME = "Tuffy-Reminder";
			};
			name = Release;
		};
/* End XCBuildConfiguration section */

/* Begin XCConfigurationList section */
		710ED0A72CF44B5B001A62C1 /* Build configuration list for PBXProject "Tuffy-Reminder" */ = {
			isa = XCConfigurationList;
			buildConfigurations = (
				710ED0D42CF44B5D001A62C1 /* Debug */,
				710ED0D52CF44B5D001A62C1 /* Release */,
			);
			defaultConfigurationIsVisible = 0;
			defaultConfigurationName = Release;
		};
		710ED0D62CF44B5D001A62C1 /* Build configuration list for PBXNativeTarget "Tuffy-Reminder" */ = {
			isa = XCConfigurationList;
			buildConfigurations = (
				710ED0D72CF44B5D001A62C1 /* Debug */,
				710ED0D82CF44B5D001A62C1 /* Release */,
			);
			defaultConfigurationIsVisible = 0;
			defaultConfigurationName = Release;
		};
		710ED0D92CF44B5D001A62C1 /* Build configuration list for PBXNativeTarget "Tuffy-ReminderTests" */ = {
			isa = XCConfigurationList;
			buildConfigurations = (
				710ED0DA2CF44B5D001A62C1 /* Debug */,
				710ED0DB2CF44B5D001A62C1 /* Release */,
			);
			defaultConfigurationIsVisible = 0;
			defaultConfigurationName = Release;
		};
		710ED0DC2CF44B5D001A62C1 /* Build configuration list for PBXNativeTarget "Tuffy-ReminderUITests" */ = {
			isa = XCConfigurationList;
			buildConfigurations = (
				710ED0DD2CF44B5D001A62C1 /* Debug */,
				710ED0DE2CF44B5D001A62C1 /* Release */,
			);
			defaultConfigurationIsVisible = 0;
			defaultConfigurationName = Release;
		};
/* End XCConfigurationList section */
	};
	rootObject = 710ED0A42CF44B5B001A62C1 /* Project object */;
}
